// !$*UTF8*$!
{
	archiveVersion = 1;
	classes = {
	};
	objectVersion = 77;
	objects = {

/* Begin PBXContainerItemProxy section */
		FEFF2AF92D08D4C4008C99BC /* PBXContainerItemProxy */ = {
			isa = PBXContainerItemProxy;
			containerPortal = FEFF2AE02D08D4C2008C99BC /* Project object */;
			proxyType = 1;
			remoteGlobalIDString = FEFF2AE72D08D4C2008C99BC;
			remoteInfo = FetchRecipeApp;
		};
		FEFF2B032D08D4C4008C99BC /* PBXContainerItemProxy */ = {
			isa = PBXContainerItemProxy;
			containerPortal = FEFF2AE02D08D4C2008C99BC /* Project object */;
			proxyType = 1;
			remoteGlobalIDString = FEFF2AE72D08D4C2008C99BC;
			remoteInfo = FetchRecipeApp;
		};
/* End PBXContainerItemProxy section */

/* Begin PBXFileReference section */
		FEFF2AE82D08D4C2008C99BC /* FetchRecipeApp.app */ = {isa = PBXFileReference; explicitFileType = wrapper.application; includeInIndex = 0; path = FetchRecipeApp.app; sourceTree = BUILT_PRODUCTS_DIR; };
		FEFF2AF82D08D4C4008C99BC /* FetchRecipeAppTests.xctest */ = {isa = PBXFileReference; explicitFileType = wrapper.cfbundle; includeInIndex = 0; path = FetchRecipeAppTests.xctest; sourceTree = BUILT_PRODUCTS_DIR; };
		FEFF2B022D08D4C4008C99BC /* FetchRecipeAppUITests.xctest */ = {isa = PBXFileReference; explicitFileType = wrapper.cfbundle; includeInIndex = 0; path = FetchRecipeAppUITests.xctest; sourceTree = BUILT_PRODUCTS_DIR; };
/* End PBXFileReference section */

/* Begin PBXFileSystemSynchronizedRootGroup section */
		FEFF2AEA2D08D4C2008C99BC /* FetchRecipeApp */ = {
			isa = PBXFileSystemSynchronizedRootGroup;
			path = FetchRecipeApp;
			sourceTree = "<group>";
		};
		FEFF2AFB2D08D4C4008C99BC /* FetchRecipeAppTests */ = {
			isa = PBXFileSystemSynchronizedRootGroup;
			path = FetchRecipeAppTests;
			sourceTree = "<group>";
		};
		FEFF2B052D08D4C4008C99BC /* FetchRecipeAppUITests */ = {
			isa = PBXFileSystemSynchronizedRootGroup;
			path = FetchRecipeAppUITests;
			sourceTree = "<group>";
		};
/* End PBXFileSystemSynchronizedRootGroup section */

/* Begin PBXFrameworksBuildPhase section */
		FEFF2AE52D08D4C2008C99BC /* Frameworks */ = {
			isa = PBXFrameworksBuildPhase;
			buildActionMask = 2147483647;
			files = (
			);
			runOnlyForDeploymentPostprocessing = 0;
		};
		FEFF2AF52D08D4C4008C99BC /* Frameworks */ = {
			isa = PBXFrameworksBuildPhase;
			buildActionMask = 2147483647;
			files = (
			);
			runOnlyForDeploymentPostprocessing = 0;
		};
		FEFF2AFF2D08D4C4008C99BC /* Frameworks */ = {
			isa = PBXFrameworksBuildPhase;
			buildActionMask = 2147483647;
			files = (
			);
			runOnlyForDeploymentPostprocessing = 0;
		};
/* End PBXFrameworksBuildPhase section */

/* Begin PBXGroup section */
		FEFF2ADF2D08D4C2008C99BC = {
			isa = PBXGroup;
			children = (
				FEFF2AEA2D08D4C2008C99BC /* FetchRecipeApp */,
				FEFF2AFB2D08D4C4008C99BC /* FetchRecipeAppTests */,
				FEFF2B052D08D4C4008C99BC /* FetchRecipeAppUITests */,
				FEFF2AE92D08D4C2008C99BC /* Products */,
			);
			sourceTree = "<group>";
		};
		FEFF2AE92D08D4C2008C99BC /* Products */ = {
			isa = PBXGroup;
			children = (
				FEFF2AE82D08D4C2008C99BC /* FetchRecipeApp.app */,
				FEFF2AF82D08D4C4008C99BC /* FetchRecipeAppTests.xctest */,
				FEFF2B022D08D4C4008C99BC /* FetchRecipeAppUITests.xctest */,
			);
			name = Products;
			sourceTree = "<group>";
		};
/* End PBXGroup section */

/* Begin PBXNativeTarget section */
		FEFF2AE72D08D4C2008C99BC /* FetchRecipeApp */ = {
			isa = PBXNativeTarget;
			buildConfigurationList = FEFF2B0C2D08D4C4008C99BC /* Build configuration list for PBXNativeTarget "FetchRecipeApp" */;
			buildPhases = (
				FEFF2AE42D08D4C2008C99BC /* Sources */,
				FEFF2AE52D08D4C2008C99BC /* Frameworks */,
				FEFF2AE62D08D4C2008C99BC /* Resources */,
			);
			buildRules = (
			);
			dependencies = (
			);
			fileSystemSynchronizedGroups = (
				FEFF2AEA2D08D4C2008C99BC /* FetchRecipeApp */,
			);
			name = FetchRecipeApp;
			packageProductDependencies = (
			);
			productName = FetchRecipeApp;
			productReference = FEFF2AE82D08D4C2008C99BC /* FetchRecipeApp.app */;
			productType = "com.apple.product-type.application";
		};
		FEFF2AF72D08D4C4008C99BC /* FetchRecipeAppTests */ = {
			isa = PBXNativeTarget;
			buildConfigurationList = FEFF2B0F2D08D4C4008C99BC /* Build configuration list for PBXNativeTarget "FetchRecipeAppTests" */;
			buildPhases = (
				FEFF2AF42D08D4C4008C99BC /* Sources */,
				FEFF2AF52D08D4C4008C99BC /* Frameworks */,
				FEFF2AF62D08D4C4008C99BC /* Resources */,
			);
			buildRules = (
			);
			dependencies = (
				FEFF2AFA2D08D4C4008C99BC /* PBXTargetDependency */,
			);
			fileSystemSynchronizedGroups = (
				FEFF2AFB2D08D4C4008C99BC /* FetchRecipeAppTests */,
			);
			name = FetchRecipeAppTests;
			packageProductDependencies = (
			);
			productName = FetchRecipeAppTests;
			productReference = FEFF2AF82D08D4C4008C99BC /* FetchRecipeAppTests.xctest */;
			productType = "com.apple.product-type.bundle.unit-test";
		};
		FEFF2B012D08D4C4008C99BC /* FetchRecipeAppUITests */ = {
			isa = PBXNativeTarget;
			buildConfigurationList = FEFF2B122D08D4C4008C99BC /* Build configuration list for PBXNativeTarget "FetchRecipeAppUITests" */;
			buildPhases = (
				FEFF2AFE2D08D4C4008C99BC /* Sources */,
				FEFF2AFF2D08D4C4008C99BC /* Frameworks */,
				FEFF2B002D08D4C4008C99BC /* Resources */,
			);
			buildRules = (
			);
			dependencies = (
				FEFF2B042D08D4C4008C99BC /* PBXTargetDependency */,
			);
			fileSystemSynchronizedGroups = (
				FEFF2B052D08D4C4008C99BC /* FetchRecipeAppUITests */,
			);
			name = FetchRecipeAppUITests;
			packageProductDependencies = (
			);
			productName = FetchRecipeAppUITests;
			productReference = FEFF2B022D08D4C4008C99BC /* FetchRecipeAppUITests.xctest */;
			productType = "com.apple.product-type.bundle.ui-testing";
		};
/* End PBXNativeTarget section */

/* Begin PBXProject section */
		FEFF2AE02D08D4C2008C99BC /* Project object */ = {
			isa = PBXProject;
			attributes = {
				BuildIndependentTargetsInParallel = 1;
				LastSwiftUpdateCheck = 1610;
				LastUpgradeCheck = 1610;
				TargetAttributes = {
					FEFF2AE72D08D4C2008C99BC = {
						CreatedOnToolsVersion = 16.1;
					};
					FEFF2AF72D08D4C4008C99BC = {
						CreatedOnToolsVersion = 16.1;
						TestTargetID = FEFF2AE72D08D4C2008C99BC;
					};
					FEFF2B012D08D4C4008C99BC = {
						CreatedOnToolsVersion = 16.1;
						TestTargetID = FEFF2AE72D08D4C2008C99BC;
					};
				};
			};
			buildConfigurationList = FEFF2AE32D08D4C2008C99BC /* Build configuration list for PBXProject "FetchRecipeApp" */;
			developmentRegion = en;
			hasScannedForEncodings = 0;
			knownRegions = (
				en,
				Base,
			);
			mainGroup = FEFF2ADF2D08D4C2008C99BC;
			minimizedProjectReferenceProxies = 1;
			preferredProjectObjectVersion = 77;
			productRefGroup = FEFF2AE92D08D4C2008C99BC /* Products */;
			projectDirPath = "";
			projectRoot = "";
			targets = (
				FEFF2AE72D08D4C2008C99BC /* FetchRecipeApp */,
				FEFF2AF72D08D4C4008C99BC /* FetchRecipeAppTests */,
				FEFF2B012D08D4C4008C99BC /* FetchRecipeAppUITests */,
			);
		};
/* End PBXProject section */

/* Begin PBXResourcesBuildPhase section */
		FEFF2AE62D08D4C2008C99BC /* Resources */ = {
			isa = PBXResourcesBuildPhase;
			buildActionMask = 2147483647;
			files = (
			);
			runOnlyForDeploymentPostprocessing = 0;
		};
		FEFF2AF62D08D4C4008C99BC /* Resources */ = {
			isa = PBXResourcesBuildPhase;
			buildActionMask = 2147483647;
			files = (
			);
			runOnlyForDeploymentPostprocessing = 0;
		};
		FEFF2B002D08D4C4008C99BC /* Resources */ = {
			isa = PBXResourcesBuildPhase;
			buildActionMask = 2147483647;
			files = (
			);
			runOnlyForDeploymentPostprocessing = 0;
		};
/* End PBXResourcesBuildPhase section */

/* Begin PBXSourcesBuildPhase section */
		FEFF2AE42D08D4C2008C99BC /* Sources */ = {
			isa = PBXSourcesBuildPhase;
			buildActionMask = 2147483647;
			files = (
			);
			runOnlyForDeploymentPostprocessing = 0;
		};
		FEFF2AF42D08D4C4008C99BC /* Sources */ = {
			isa = PBXSourcesBuildPhase;
			buildActionMask = 2147483647;
			files = (
			);
			runOnlyForDeploymentPostprocessing = 0;
		};
		FEFF2AFE2D08D4C4008C99BC /* Sources */ = {
			isa = PBXSourcesBuildPhase;
			buildActionMask = 2147483647;
			files = (
			);
			runOnlyForDeploymentPostprocessing = 0;
		};
/* End PBXSourcesBuildPhase section */

/* Begin PBXTargetDependency section */
		FEFF2AFA2D08D4C4008C99BC /* PBXTargetDependency */ = {
			isa = PBXTargetDependency;
			target = FEFF2AE72D08D4C2008C99BC /* FetchRecipeApp */;
			targetProxy = FEFF2AF92D08D4C4008C99BC /* PBXContainerItemProxy */;
		};
		FEFF2B042D08D4C4008C99BC /* PBXTargetDependency */ = {
			isa = PBXTargetDependency;
			target = FEFF2AE72D08D4C2008C99BC /* FetchRecipeApp */;
			targetProxy = FEFF2B032D08D4C4008C99BC /* PBXContainerItemProxy */;
		};
/* End PBXTargetDependency section */

/* Begin XCBuildConfiguration section */
		FEFF2B0A2D08D4C4008C99BC /* Debug */ = {
			isa = XCBuildConfiguration;
			buildSettings = {
				ALWAYS_SEARCH_USER_PATHS = NO;
				ASSETCATALOG_COMPILER_GENERATE_SWIFT_ASSET_SYMBOL_EXTENSIONS = YES;
				CLANG_ANALYZER_NONNULL = YES;
				CLANG_ANALYZER_NUMBER_OBJECT_CONVERSION = YES_AGGRESSIVE;
				CLANG_CXX_LANGUAGE_STANDARD = "gnu++20";
				CLANG_ENABLE_MODULES = YES;
				CLANG_ENABLE_OBJC_ARC = YES;
				CLANG_ENABLE_OBJC_WEAK = YES;
				CLANG_WARN_BLOCK_CAPTURE_AUTORELEASING = YES;
				CLANG_WARN_BOOL_CONVERSION = YES;
				CLANG_WARN_COMMA = YES;
				CLANG_WARN_CONSTANT_CONVERSION = YES;
				CLANG_WARN_DEPRECATED_OBJC_IMPLEMENTATIONS = YES;
				CLANG_WARN_DIRECT_OBJC_ISA_USAGE = YES_ERROR;
				CLANG_WARN_DOCUMENTATION_COMMENTS = YES;
				CLANG_WARN_EMPTY_BODY = YES;
				CLANG_WARN_ENUM_CONVERSION = YES;
				CLANG_WARN_INFINITE_RECURSION = YES;
				CLANG_WARN_INT_CONVERSION = YES;
				CLANG_WARN_NON_LITERAL_NULL_CONVERSION = YES;
				CLANG_WARN_OBJC_IMPLICIT_RETAIN_SELF = YES;
				CLANG_WARN_OBJC_LITERAL_CONVERSION = YES;
				CLANG_WARN_OBJC_ROOT_CLASS = YES_ERROR;
				CLANG_WARN_QUOTED_INCLUDE_IN_FRAMEWORK_HEADER = YES;
				CLANG_WARN_RANGE_LOOP_ANALYSIS = YES;
				CLANG_WARN_STRICT_PROTOTYPES = YES;
				CLANG_WARN_SUSPICIOUS_MOVE = YES;
				CLANG_WARN_UNGUARDED_AVAILABILITY = YES_AGGRESSIVE;
				CLANG_WARN_UNREACHABLE_CODE = YES;
				CLANG_WARN__DUPLICATE_METHOD_MATCH = YES;
				COPY_PHASE_STRIP = NO;
				DEBUG_INFORMATION_FORMAT = dwarf;
				ENABLE_STRICT_OBJC_MSGSEND = YES;
				ENABLE_TESTABILITY = YES;
				ENABLE_USER_SCRIPT_SANDBOXING = YES;
				GCC_C_LANGUAGE_STANDARD = gnu17;
				GCC_DYNAMIC_NO_PIC = NO;
				GCC_NO_COMMON_BLOCKS = YES;
				GCC_OPTIMIZATION_LEVEL = 0;
				GCC_PREPROCESSOR_DEFINITIONS = (
					"DEBUG=1",
					"$(inherited)",
				);
				GCC_WARN_64_TO_32_BIT_CONVERSION = YES;
				GCC_WARN_ABOUT_RETURN_TYPE = YES_ERROR;
				GCC_WARN_UNDECLARED_SELECTOR = YES;
				GCC_WARN_UNINITIALIZED_AUTOS = YES_AGGRESSIVE;
				GCC_WARN_UNUSED_FUNCTION = YES;
				GCC_WARN_UNUSED_VARIABLE = YES;
				IPHONEOS_DEPLOYMENT_TARGET = 18.1;
				LOCALIZATION_PREFERS_STRING_CATALOGS = YES;
				MTL_ENABLE_DEBUG_INFO = INCLUDE_SOURCE;
				MTL_FAST_MATH = YES;
				ONLY_ACTIVE_ARCH = YES;
				SDKROOT = iphoneos;
				SWIFT_ACTIVE_COMPILATION_CONDITIONS = "DEBUG $(inherited)";
				SWIFT_OPTIMIZATION_LEVEL = "-Onone";
			};
			name = Debug;
		};
		FEFF2B0B2D08D4C4008C99BC /* Release */ = {
			isa = XCBuildConfiguration;
			buildSettings = {
				ALWAYS_SEARCH_USER_PATHS = NO;
				ASSETCATALOG_COMPILER_GENERATE_SWIFT_ASSET_SYMBOL_EXTENSIONS = YES;
				CLANG_ANALYZER_NONNULL = YES;
				CLANG_ANALYZER_NUMBER_OBJECT_CONVERSION = YES_AGGRESSIVE;
				CLANG_CXX_LANGUAGE_STANDARD = "gnu++20";
				CLANG_ENABLE_MODULES = YES;
				CLANG_ENABLE_OBJC_ARC = YES;
				CLANG_ENABLE_OBJC_WEAK = YES;
				CLANG_WARN_BLOCK_CAPTURE_AUTORELEASING = YES;
				CLANG_WARN_BOOL_CONVERSION = YES;
				CLANG_WARN_COMMA = YES;
				CLANG_WARN_CONSTANT_CONVERSION = YES;
				CLANG_WARN_DEPRECATED_OBJC_IMPLEMENTATIONS = YES;
				CLANG_WARN_DIRECT_OBJC_ISA_USAGE = YES_ERROR;
				CLANG_WARN_DOCUMENTATION_COMMENTS = YES;
				CLANG_WARN_EMPTY_BODY = YES;
				CLANG_WARN_ENUM_CONVERSION = YES;
				CLANG_WARN_INFINITE_RECURSION = YES;
				CLANG_WARN_INT_CONVERSION = YES;
				CLANG_WARN_NON_LITERAL_NULL_CONVERSION = YES;
				CLANG_WARN_OBJC_IMPLICIT_RETAIN_SELF = YES;
				CLANG_WARN_OBJC_LITERAL_CONVERSION = YES;
				CLANG_WARN_OBJC_ROOT_CLASS = YES_ERROR;
				CLANG_WARN_QUOTED_INCLUDE_IN_FRAMEWORK_HEADER = YES;
				CLANG_WARN_RANGE_LOOP_ANALYSIS = YES;
				CLANG_WARN_STRICT_PROTOTYPES = YES;
				CLANG_WARN_SUSPICIOUS_MOVE = YES;
				CLANG_WARN_UNGUARDED_AVAILABILITY = YES_AGGRESSIVE;
				CLANG_WARN_UNREACHABLE_CODE = YES;
				CLANG_WARN__DUPLICATE_METHOD_MATCH = YES;
				COPY_PHASE_STRIP = NO;
				DEBUG_INFORMATION_FORMAT = "dwarf-with-dsym";
				ENABLE_NS_ASSERTIONS = NO;
				ENABLE_STRICT_OBJC_MSGSEND = YES;
				ENABLE_USER_SCRIPT_SANDBOXING = YES;
				GCC_C_LANGUAGE_STANDARD = gnu17;
				GCC_NO_COMMON_BLOCKS = YES;
				GCC_WARN_64_TO_32_BIT_CONVERSION = YES;
				GCC_WARN_ABOUT_RETURN_TYPE = YES_ERROR;
				GCC_WARN_UNDECLARED_SELECTOR = YES;
				GCC_WARN_UNINITIALIZED_AUTOS = YES_AGGRESSIVE;
				GCC_WARN_UNUSED_FUNCTION = YES;
				GCC_WARN_UNUSED_VARIABLE = YES;
				IPHONEOS_DEPLOYMENT_TARGET = 18.1;
				LOCALIZATION_PREFERS_STRING_CATALOGS = YES;
				MTL_ENABLE_DEBUG_INFO = NO;
				MTL_FAST_MATH = YES;
				SDKROOT = iphoneos;
				SWIFT_COMPILATION_MODE = wholemodule;
				VALIDATE_PRODUCT = YES;
			};
			name = Release;
		};
		FEFF2B0D2D08D4C4008C99BC /* Debug */ = {
			isa = XCBuildConfiguration;
			buildSettings = {
				ASSETCATALOG_COMPILER_APPICON_NAME = AppIcon;
				ASSETCATALOG_COMPILER_GLOBAL_ACCENT_COLOR_NAME = AccentColor;
				CODE_SIGN_STYLE = Automatic;
				CURRENT_PROJECT_VERSION = 1;
				DEVELOPMENT_ASSET_PATHS = "\"FetchRecipeApp/Preview Content\"";
				DEVELOPMENT_TEAM = 4LBT7283WA;
				ENABLE_PREVIEWS = YES;
				GENERATE_INFOPLIST_FILE = YES;
				INFOPLIST_KEY_UIApplicationSceneManifest_Generation = YES;
				INFOPLIST_KEY_UIApplicationSupportsIndirectInputEvents = YES;
				INFOPLIST_KEY_UILaunchScreen_Generation = YES;
				INFOPLIST_KEY_UISupportedInterfaceOrientations_iPad = "UIInterfaceOrientationPortrait UIInterfaceOrientationPortraitUpsideDown UIInterfaceOrientationLandscapeLeft UIInterfaceOrientationLandscapeRight";
				INFOPLIST_KEY_UISupportedInterfaceOrientations_iPhone = "UIInterfaceOrientationPortrait UIInterfaceOrientationLandscapeLeft UIInterfaceOrientationLandscapeRight";
				LD_RUNPATH_SEARCH_PATHS = (
					"$(inherited)",
					"@executable_path/Frameworks",
				);
				MARKETING_VERSION = 1.0;
				PRODUCT_BUNDLE_IDENTIFIER = Sam.FetchRecipeApp;
				PRODUCT_NAME = "$(TARGET_NAME)";
				SWIFT_EMIT_LOC_STRINGS = YES;
				SWIFT_VERSION = 5.0;
				TARGETED_DEVICE_FAMILY = "1,2";
			};
			name = Debug;
		};
		FEFF2B0E2D08D4C4008C99BC /* Release */ = {
			isa = XCBuildConfiguration;
			buildSettings = {
				ASSETCATALOG_COMPILER_APPICON_NAME = AppIcon;
				ASSETCATALOG_COMPILER_GLOBAL_ACCENT_COLOR_NAME = AccentColor;
				CODE_SIGN_STYLE = Automatic;
				CURRENT_PROJECT_VERSION = 1;
				DEVELOPMENT_ASSET_PATHS = "\"FetchRecipeApp/Preview Content\"";
				DEVELOPMENT_TEAM = 4LBT7283WA;
				ENABLE_PREVIEWS = YES;
				GENERATE_INFOPLIST_FILE = YES;
				INFOPLIST_KEY_UIApplicationSceneManifest_Generation = YES;
				INFOPLIST_KEY_UIApplicationSupportsIndirectInputEvents = YES;
				INFOPLIST_KEY_UILaunchScreen_Generation = YES;
				INFOPLIST_KEY_UISupportedInterfaceOrientations_iPad = "UIInterfaceOrientationPortrait UIInterfaceOrientationPortraitUpsideDown UIInterfaceOrientationLandscapeLeft UIInterfaceOrientationLandscapeRight";
				INFOPLIST_KEY_UISupportedInterfaceOrientations_iPhone = "UIInterfaceOrientationPortrait UIInterfaceOrientationLandscapeLeft UIInterfaceOrientationLandscapeRight";
				LD_RUNPATH_SEARCH_PATHS = (
					"$(inherited)",
					"@executable_path/Frameworks",
				);
				MARKETING_VERSION = 1.0;
				PRODUCT_BUNDLE_IDENTIFIER = Sam.FetchRecipeApp;
				PRODUCT_NAME = "$(TARGET_NAME)";
				SWIFT_EMIT_LOC_STRINGS = YES;
				SWIFT_VERSION = 5.0;
				TARGETED_DEVICE_FAMILY = "1,2";
			};
			name = Release;
		};
		FEFF2B102D08D4C4008C99BC /* Debug */ = {
			isa = XCBuildConfiguration;
			buildSettings = {
				BUNDLE_LOADER = "$(TEST_HOST)";
				CODE_SIGN_STYLE = Automatic;
				CURRENT_PROJECT_VERSION = 1;
				DEVELOPMENT_TEAM = 4LBT7283WA;
				GENERATE_INFOPLIST_FILE = YES;
				IPHONEOS_DEPLOYMENT_TARGET = 18.1;
				MARKETING_VERSION = 1.0;
				PRODUCT_BUNDLE_IDENTIFIER = Sam.FetchRecipeAppTests;
				PRODUCT_NAME = "$(TARGET_NAME)";
				SWIFT_EMIT_LOC_STRINGS = NO;
				SWIFT_VERSION = 5.0;
				TARGETED_DEVICE_FAMILY = "1,2";
				TEST_HOST = "$(BUILT_PRODUCTS_DIR)/FetchRecipeApp.app/$(BUNDLE_EXECUTABLE_FOLDER_PATH)/FetchRecipeApp";
			};
			name = Debug;
		};
		FEFF2B112D08D4C4008C99BC /* Release */ = {
			isa = XCBuildConfiguration;
			buildSettings = {
				BUNDLE_LOADER = "$(TEST_HOST)";
				CODE_SIGN_STYLE = Automatic;
				CURRENT_PROJECT_VERSION = 1;
				DEVELOPMENT_TEAM = 4LBT7283WA;
				GENERATE_INFOPLIST_FILE = YES;
				IPHONEOS_DEPLOYMENT_TARGET = 18.1;
				MARKETING_VERSION = 1.0;
				PRODUCT_BUNDLE_IDENTIFIER = Sam.FetchRecipeAppTests;
				PRODUCT_NAME = "$(TARGET_NAME)";
				SWIFT_EMIT_LOC_STRINGS = NO;
				SWIFT_VERSION = 5.0;
				TARGETED_DEVICE_FAMILY = "1,2";
				TEST_HOST = "$(BUILT_PRODUCTS_DIR)/FetchRecipeApp.app/$(BUNDLE_EXECUTABLE_FOLDER_PATH)/FetchRecipeApp";
			};
			name = Release;
		};
		FEFF2B132D08D4C4008C99BC /* Debug */ = {
			isa = XCBuildConfiguration;
			buildSettings = {
				CODE_SIGN_STYLE = Automatic;
				CURRENT_PROJECT_VERSION = 1;
				DEVELOPMENT_TEAM = 4LBT7283WA;
				GENERATE_INFOPLIST_FILE = YES;
				MARKETING_VERSION = 1.0;
				PRODUCT_BUNDLE_IDENTIFIER = Sam.FetchRecipeAppUITests;
				PRODUCT_NAME = "$(TARGET_NAME)";
				SWIFT_EMIT_LOC_STRINGS = NO;
				SWIFT_VERSION = 5.0;
				TARGETED_DEVICE_FAMILY = "1,2";
				TEST_TARGET_NAME = FetchRecipeApp;
			};
			name = Debug;
		};
		FEFF2B142D08D4C4008C99BC /* Release */ = {
			isa = XCBuildConfiguration;
			buildSettings = {
				CODE_SIGN_STYLE = Automatic;
				CURRENT_PROJECT_VERSION = 1;
				DEVELOPMENT_TEAM = 4LBT7283WA;
				GENERATE_INFOPLIST_FILE = YES;
				MARKETING_VERSION = 1.0;
				PRODUCT_BUNDLE_IDENTIFIER = Sam.FetchRecipeAppUITests;
				PRODUCT_NAME = "$(TARGET_NAME)";
				SWIFT_EMIT_LOC_STRINGS = NO;
				SWIFT_VERSION = 5.0;
				TARGETED_DEVICE_FAMILY = "1,2";
				TEST_TARGET_NAME = FetchRecipeApp;
			};
			name = Release;
		};
/* End XCBuildConfiguration section */

/* Begin XCConfigurationList section */
		FEFF2AE32D08D4C2008C99BC /* Build configuration list for PBXProject "FetchRecipeApp" */ = {
			isa = XCConfigurationList;
			buildConfigurations = (
				FEFF2B0A2D08D4C4008C99BC /* Debug */,
				FEFF2B0B2D08D4C4008C99BC /* Release */,
			);
			defaultConfigurationIsVisible = 0;
			defaultConfigurationName = Release;
		};
		FEFF2B0C2D08D4C4008C99BC /* Build configuration list for PBXNativeTarget "FetchRecipeApp" */ = {
			isa = XCConfigurationList;
			buildConfigurations = (
				FEFF2B0D2D08D4C4008C99BC /* Debug */,
				FEFF2B0E2D08D4C4008C99BC /* Release */,
			);
			defaultConfigurationIsVisible = 0;
			defaultConfigurationName = Release;
		};
		FEFF2B0F2D08D4C4008C99BC /* Build configuration list for PBXNativeTarget "FetchRecipeAppTests" */ = {
			isa = XCConfigurationList;
			buildConfigurations = (
				FEFF2B102D08D4C4008C99BC /* Debug */,
				FEFF2B112D08D4C4008C99BC /* Release */,
			);
			defaultConfigurationIsVisible = 0;
			defaultConfigurationName = Release;
		};
		FEFF2B122D08D4C4008C99BC /* Build configuration list for PBXNativeTarget "FetchRecipeAppUITests" */ = {
			isa = XCConfigurationList;
			buildConfigurations = (
				FEFF2B132D08D4C4008C99BC /* Debug */,
				FEFF2B142D08D4C4008C99BC /* Release */,
			);
			defaultConfigurationIsVisible = 0;
			defaultConfigurationName = Release;
		};
/* End XCConfigurationList section */
	};
	rootObject = FEFF2AE02D08D4C2008C99BC /* Project object */;
}
